
Microsoft Visual Studio Solution File, Format Version 12.00
# Visual Studio Version 17
VisualStudioVersion = 17.8.34316.72
MinimumVisualStudioVersion = 10.0.40219.1
Project("{FAE04EC0-301F-11D3-BF4B-00C04F79EFBC}") = "GameManagerApp", "GameManagerApp\GameManagerApp.csproj", "{901484AF-0B43-4D9B-9D77-7CE497719D6E}"
EndProject
Global
	GlobalSection(SolutionConfigurationPlatforms) = preSolution
		Debug|Any CPU = Debug|Any CPU
		Release|Any CPU = Release|Any CPU
	EndGlobalSection
	GlobalSection(ProjectConfigurationPlatforms) = postSolution
		{901484AF-0B43-4D9B-9D77-7CE497719D6E}.Debug|Any CPU.ActiveCfg = Debug|Any CPU
		{901484AF-0B43-4D9B-9D77-7CE497719D6E}.Debug|Any CPU.Build.0 = Debug|Any CPU
		{901484AF-0B43-4D9B-9D77-7CE497719D6E}.Release|Any CPU.ActiveCfg = Release|Any CPU
		{901484AF-0B43-4D9B-9D77-7CE497719D6E}.Release|Any CPU.Build.0 = Release|Any CPU
	EndGlobalSection
	GlobalSection(SolutionProperties) = preSolution
		HideSolutionNode = FALSE
	EndGlobalSection
	GlobalSection(ExtensibilityGlobals) = postSolution
		SolutionGuid = {54FB2ADB-5957-43C5-A976-81CB6444C74E}
	EndGlobalSection
EndGlobal
